
Microsoft Visual Studio Solution File, Format Version 12.00
# Visual Studio Version 16
VisualStudioVersion = 16.0.32002.261
MinimumVisualStudioVersion = 10.0.40219.1
Project("{FAE04EC0-301F-11D3-BF4B-00C04F79EFBC}") = "13556 egzamin", "13556 egzamin\13556 egzamin.csproj", "{ED96A19D-F643-4660-9608-D7EC1EC3FA53}"
EndProject
Global
	GlobalSection(SolutionConfigurationPlatforms) = preSolution
		Debug|Any CPU = Debug|Any CPU
		Release|Any CPU = Release|Any CPU
	EndGlobalSection
	GlobalSection(ProjectConfigurationPlatforms) = postSolution
		{ED96A19D-F643-4660-9608-D7EC1EC3FA53}.Debug|Any CPU.ActiveCfg = Debug|Any CPU
		{ED96A19D-F643-4660-9608-D7EC1EC3FA53}.Debug|Any CPU.Build.0 = Debug|Any CPU
		{ED96A19D-F643-4660-9608-D7EC1EC3FA53}.Release|Any CPU.ActiveCfg = Release|Any CPU
		{ED96A19D-F643-4660-9608-D7EC1EC3FA53}.Release|Any CPU.Build.0 = Release|Any CPU
	EndGlobalSection
	GlobalSection(SolutionProperties) = preSolution
		HideSolutionNode = FALSE
	EndGlobalSection
	GlobalSection(ExtensibilityGlobals) = postSolution
		SolutionGuid = {1C2B1BF7-596E-4DB0-B7AF-AD338969BA42}
	EndGlobalSection
EndGlobal
